// !$*UTF8*$!
{
	archiveVersion = 1;
	classes = {
	};
	objectVersion = 51;
	objects = {

/* Begin PBXBuildFile section */
		2DF27F3962B7CCF8F21EEE4A /* Pods_Marti_ProjeTests.framework in Frameworks */ = {isa = PBXBuildFile; fileRef = 3C2875C1966D70B3AC76F1F1 /* Pods_Marti_ProjeTests.framework */; };
		3F99031975F275ED11B13124 /* Pods_Marti_Proje_Marti_ProjeUITests.framework in Frameworks */ = {isa = PBXBuildFile; fileRef = C344D150BF483E8847D5311A /* Pods_Marti_Proje_Marti_ProjeUITests.framework */; };
		8BEAB7DAC2C8B2DF0F4ACD51 /* Pods_Marti_Proje.framework in Frameworks */ = {isa = PBXBuildFile; fileRef = A902C8769D94E1506D6AFD3B /* Pods_Marti_Proje.framework */; };
		B668490E248931F8006D5862 /* GoogleMapsViewController.swift in Sources */ = {isa = PBXBuildFile; fileRef = B668490D248931F8006D5862 /* GoogleMapsViewController.swift */; };
		B699E5ED2488076400FF0114 /* AppDelegate.swift in Sources */ = {isa = PBXBuildFile; fileRef = B699E5EC2488076400FF0114 /* AppDelegate.swift */; };
		B699E5EF2488076400FF0114 /* SceneDelegate.swift in Sources */ = {isa = PBXBuildFile; fileRef = B699E5EE2488076400FF0114 /* SceneDelegate.swift */; };
		B699E5F12488076400FF0114 /* ViewController.swift in Sources */ = {isa = PBXBuildFile; fileRef = B699E5F02488076400FF0114 /* ViewController.swift */; };
		B699E5F42488076400FF0114 /* Main.storyboard in Resources */ = {isa = PBXBuildFile; fileRef = B699E5F22488076400FF0114 /* Main.storyboard */; };
		B699E5F62488076600FF0114 /* Assets.xcassets in Resources */ = {isa = PBXBuildFile; fileRef = B699E5F52488076600FF0114 /* Assets.xcassets */; };
		B699E5F92488076600FF0114 /* LaunchScreen.storyboard in Resources */ = {isa = PBXBuildFile; fileRef = B699E5F72488076600FF0114 /* LaunchScreen.storyboard */; };
		B699E6042488076600FF0114 /* Marti_ProjeTests.swift in Sources */ = {isa = PBXBuildFile; fileRef = B699E6032488076600FF0114 /* Marti_ProjeTests.swift */; };
		B699E60F2488076600FF0114 /* Marti_ProjeUITests.swift in Sources */ = {isa = PBXBuildFile; fileRef = B699E60E2488076600FF0114 /* Marti_ProjeUITests.swift */; };
		B699E61D2488354100FF0114 /* HomaPageTableViewCell.swift in Sources */ = {isa = PBXBuildFile; fileRef = B699E61C2488354100FF0114 /* HomaPageTableViewCell.swift */; };
		B699E62124883C1400FF0114 /* SearchModel.swift in Sources */ = {isa = PBXBuildFile; fileRef = B699E62024883C1400FF0114 /* SearchModel.swift */; };
/* End PBXBuildFile section */

/* Begin PBXContainerItemProxy section */
		B699E6002488076600FF0114 /* PBXContainerItemProxy */ = {
			isa = PBXContainerItemProxy;
			containerPortal = B699E5E12488076400FF0114 /* Project object */;
			proxyType = 1;
			remoteGlobalIDString = B699E5E82488076400FF0114;
			remoteInfo = Marti_Proje;
		};
		B699E60B2488076600FF0114 /* PBXContainerItemProxy */ = {
			isa = PBXContainerItemProxy;
			containerPortal = B699E5E12488076400FF0114 /* Project object */;
			proxyType = 1;
			remoteGlobalIDString = B699E5E82488076400FF0114;
			remoteInfo = Marti_Proje;
		};
/* End PBXContainerItemProxy section */

/* Begin PBXFileReference section */
		11442F6687B4B1EC872F3750 /* Pods-Marti_Proje-Marti_ProjeUITests.debug.xcconfig */ = {isa = PBXFileReference; includeInIndex = 1; lastKnownFileType = text.xcconfig; name = "Pods-Marti_Proje-Marti_ProjeUITests.debug.xcconfig"; path = "Target Support Files/Pods-Marti_Proje-Marti_ProjeUITests/Pods-Marti_Proje-Marti_ProjeUITests.debug.xcconfig"; sourceTree = "<group>"; };
		18A2B7BF2415D13285EF8242 /* Pods-Marti_ProjeTests.debug.xcconfig */ = {isa = PBXFileReference; includeInIndex = 1; lastKnownFileType = text.xcconfig; name = "Pods-Marti_ProjeTests.debug.xcconfig"; path = "Target Support Files/Pods-Marti_ProjeTests/Pods-Marti_ProjeTests.debug.xcconfig"; sourceTree = "<group>"; };
		3461C9E4EF100857E8ABD30B /* Pods-Marti_Proje.debug.xcconfig */ = {isa = PBXFileReference; includeInIndex = 1; lastKnownFileType = text.xcconfig; name = "Pods-Marti_Proje.debug.xcconfig"; path = "Target Support Files/Pods-Marti_Proje/Pods-Marti_Proje.debug.xcconfig"; sourceTree = "<group>"; };
		3C2875C1966D70B3AC76F1F1 /* Pods_Marti_ProjeTests.framework */ = {isa = PBXFileReference; explicitFileType = wrapper.framework; includeInIndex = 0; path = Pods_Marti_ProjeTests.framework; sourceTree = BUILT_PRODUCTS_DIR; };
		7D11C584ED2A0D05D3B92588 /* Pods-Marti_Proje-Marti_ProjeUITests.release.xcconfig */ = {isa = PBXFileReference; includeInIndex = 1; lastKnownFileType = text.xcconfig; name = "Pods-Marti_Proje-Marti_ProjeUITests.release.xcconfig"; path = "Target Support Files/Pods-Marti_Proje-Marti_ProjeUITests/Pods-Marti_Proje-Marti_ProjeUITests.release.xcconfig"; sourceTree = "<group>"; };
		83FE090A21B93AD935074376 /* Pods-Marti_ProjeTests.release.xcconfig */ = {isa = PBXFileReference; includeInIndex = 1; lastKnownFileType = text.xcconfig; name = "Pods-Marti_ProjeTests.release.xcconfig"; path = "Target Support Files/Pods-Marti_ProjeTests/Pods-Marti_ProjeTests.release.xcconfig"; sourceTree = "<group>"; };
		A902C8769D94E1506D6AFD3B /* Pods_Marti_Proje.framework */ = {isa = PBXFileReference; explicitFileType = wrapper.framework; includeInIndex = 0; path = Pods_Marti_Proje.framework; sourceTree = BUILT_PRODUCTS_DIR; };
		B668490D248931F8006D5862 /* GoogleMapsViewController.swift */ = {isa = PBXFileReference; lastKnownFileType = sourcecode.swift; path = GoogleMapsViewController.swift; sourceTree = "<group>"; };
		B699E5E92488076400FF0114 /* Marti_Proje.app */ = {isa = PBXFileReference; explicitFileType = wrapper.application; includeInIndex = 0; path = Marti_Proje.app; sourceTree = BUILT_PRODUCTS_DIR; };
		B699E5EC2488076400FF0114 /* AppDelegate.swift */ = {isa = PBXFileReference; lastKnownFileType = sourcecode.swift; path = AppDelegate.swift; sourceTree = "<group>"; };
		B699E5EE2488076400FF0114 /* SceneDelegate.swift */ = {isa = PBXFileReference; lastKnownFileType = sourcecode.swift; path = SceneDelegate.swift; sourceTree = "<group>"; };
		B699E5F02488076400FF0114 /* ViewController.swift */ = {isa = PBXFileReference; lastKnownFileType = sourcecode.swift; path = ViewController.swift; sourceTree = "<group>"; };
		B699E5F32488076400FF0114 /* Base */ = {isa = PBXFileReference; lastKnownFileType = file.storyboard; name = Base; path = Base.lproj/Main.storyboard; sourceTree = "<group>"; };
		B699E5F52488076600FF0114 /* Assets.xcassets */ = {isa = PBXFileReference; lastKnownFileType = folder.assetcatalog; path = Assets.xcassets; sourceTree = "<group>"; };
		B699E5F82488076600FF0114 /* Base */ = {isa = PBXFileReference; lastKnownFileType = file.storyboard; name = Base; path = Base.lproj/LaunchScreen.storyboard; sourceTree = "<group>"; };
		B699E5FA2488076600FF0114 /* Info.plist */ = {isa = PBXFileReference; lastKnownFileType = text.plist.xml; path = Info.plist; sourceTree = "<group>"; };
		B699E5FF2488076600FF0114 /* Marti_ProjeTests.xctest */ = {isa = PBXFileReference; explicitFileType = wrapper.cfbundle; includeInIndex = 0; path = Marti_ProjeTests.xctest; sourceTree = BUILT_PRODUCTS_DIR; };
		B699E6032488076600FF0114 /* Marti_ProjeTests.swift */ = {isa = PBXFileReference; lastKnownFileType = sourcecode.swift; path = Marti_ProjeTests.swift; sourceTree = "<group>"; };
		B699E6052488076600FF0114 /* Info.plist */ = {isa = PBXFileReference; lastKnownFileType = text.plist.xml; path = Info.plist; sourceTree = "<group>"; };
		B699E60A2488076600FF0114 /* Marti_ProjeUITests.xctest */ = {isa = PBXFileReference; explicitFileType = wrapper.cfbundle; includeInIndex = 0; path = Marti_ProjeUITests.xctest; sourceTree = BUILT_PRODUCTS_DIR; };
		B699E60E2488076600FF0114 /* Marti_ProjeUITests.swift */ = {isa = PBXFileReference; lastKnownFileType = sourcecode.swift; path = Marti_ProjeUITests.swift; sourceTree = "<group>"; };
		B699E6102488076600FF0114 /* Info.plist */ = {isa = PBXFileReference; lastKnownFileType = text.plist.xml; path = Info.plist; sourceTree = "<group>"; };
		B699E61C2488354100FF0114 /* HomaPageTableViewCell.swift */ = {isa = PBXFileReference; lastKnownFileType = sourcecode.swift; path = HomaPageTableViewCell.swift; sourceTree = "<group>"; };
		B699E62024883C1400FF0114 /* SearchModel.swift */ = {isa = PBXFileReference; lastKnownFileType = sourcecode.swift; path = SearchModel.swift; sourceTree = "<group>"; };
		B6B09B4B4934271DC8FAAB96 /* Pods-Marti_Proje.release.xcconfig */ = {isa = PBXFileReference; includeInIndex = 1; lastKnownFileType = text.xcconfig; name = "Pods-Marti_Proje.release.xcconfig"; path = "Target Support Files/Pods-Marti_Proje/Pods-Marti_Proje.release.xcconfig"; sourceTree = "<group>"; };
		C344D150BF483E8847D5311A /* Pods_Marti_Proje_Marti_ProjeUITests.framework */ = {isa = PBXFileReference; explicitFileType = wrapper.framework; includeInIndex = 0; path = Pods_Marti_Proje_Marti_ProjeUITests.framework; sourceTree = BUILT_PRODUCTS_DIR; };
/* End PBXFileReference section */

/* Begin PBXFrameworksBuildPhase section */
		B699E5E62488076400FF0114 /* Frameworks */ = {
			isa = PBXFrameworksBuildPhase;
			buildActionMask = 2147483647;
			files = (
				8BEAB7DAC2C8B2DF0F4ACD51 /* Pods_Marti_Proje.framework in Frameworks */,
			);
			runOnlyForDeploymentPostprocessing = 0;
		};
		B699E5FC2488076600FF0114 /* Frameworks */ = {
			isa = PBXFrameworksBuildPhase;
			buildActionMask = 2147483647;
			files = (
				2DF27F3962B7CCF8F21EEE4A /* Pods_Marti_ProjeTests.framework in Frameworks */,
			);
			runOnlyForDeploymentPostprocessing = 0;
		};
		B699E6072488076600FF0114 /* Frameworks */ = {
			isa = PBXFrameworksBuildPhase;
			buildActionMask = 2147483647;
			files = (
				3F99031975F275ED11B13124 /* Pods_Marti_Proje_Marti_ProjeUITests.framework in Frameworks */,
			);
			runOnlyForDeploymentPostprocessing = 0;
		};
/* End PBXFrameworksBuildPhase section */

/* Begin PBXGroup section */
		0407E458F36FBF6C3CC7C1CE /* Frameworks */ = {
			isa = PBXGroup;
			children = (
				A902C8769D94E1506D6AFD3B /* Pods_Marti_Proje.framework */,
				C344D150BF483E8847D5311A /* Pods_Marti_Proje_Marti_ProjeUITests.framework */,
				3C2875C1966D70B3AC76F1F1 /* Pods_Marti_ProjeTests.framework */,
			);
			name = Frameworks;
			sourceTree = "<group>";
		};
		6E0D58B64FC65FA0BBADE406 /* Pods */ = {
			isa = PBXGroup;
			children = (
				3461C9E4EF100857E8ABD30B /* Pods-Marti_Proje.debug.xcconfig */,
				B6B09B4B4934271DC8FAAB96 /* Pods-Marti_Proje.release.xcconfig */,
				11442F6687B4B1EC872F3750 /* Pods-Marti_Proje-Marti_ProjeUITests.debug.xcconfig */,
				7D11C584ED2A0D05D3B92588 /* Pods-Marti_Proje-Marti_ProjeUITests.release.xcconfig */,
				18A2B7BF2415D13285EF8242 /* Pods-Marti_ProjeTests.debug.xcconfig */,
				83FE090A21B93AD935074376 /* Pods-Marti_ProjeTests.release.xcconfig */,
			);
			path = Pods;
			sourceTree = "<group>";
		};
		B699E5E02488076400FF0114 = {
			isa = PBXGroup;
			children = (
				B699E5EB2488076400FF0114 /* Marti_Proje */,
				B699E6022488076600FF0114 /* Marti_ProjeTests */,
				B699E60D2488076600FF0114 /* Marti_ProjeUITests */,
				B699E5EA2488076400FF0114 /* Products */,
				6E0D58B64FC65FA0BBADE406 /* Pods */,
				0407E458F36FBF6C3CC7C1CE /* Frameworks */,
			);
			sourceTree = "<group>";
		};
		B699E5EA2488076400FF0114 /* Products */ = {
			isa = PBXGroup;
			children = (
				B699E5E92488076400FF0114 /* Marti_Proje.app */,
				B699E5FF2488076600FF0114 /* Marti_ProjeTests.xctest */,
				B699E60A2488076600FF0114 /* Marti_ProjeUITests.xctest */,
			);
			name = Products;
			sourceTree = "<group>";
		};
		B699E5EB2488076400FF0114 /* Marti_Proje */ = {
			isa = PBXGroup;
			children = (
				B699E5EE2488076400FF0114 /* SceneDelegate.swift */,
				B699E5EC2488076400FF0114 /* AppDelegate.swift */,
				B699E5F02488076400FF0114 /* ViewController.swift */,
				B668490D248931F8006D5862 /* GoogleMapsViewController.swift */,
				B699E62024883C1400FF0114 /* SearchModel.swift */,
				B699E61C2488354100FF0114 /* HomaPageTableViewCell.swift */,
				B699E5F22488076400FF0114 /* Main.storyboard */,
				B699E5F52488076600FF0114 /* Assets.xcassets */,
				B699E5F72488076600FF0114 /* LaunchScreen.storyboard */,
				B699E5FA2488076600FF0114 /* Info.plist */,
			);
			path = Marti_Proje;
			sourceTree = "<group>";
		};
		B699E6022488076600FF0114 /* Marti_ProjeTests */ = {
			isa = PBXGroup;
			children = (
				B699E6032488076600FF0114 /* Marti_ProjeTests.swift */,
				B699E6052488076600FF0114 /* Info.plist */,
			);
			path = Marti_ProjeTests;
			sourceTree = "<group>";
		};
		B699E60D2488076600FF0114 /* Marti_ProjeUITests */ = {
			isa = PBXGroup;
			children = (
				B699E60E2488076600FF0114 /* Marti_ProjeUITests.swift */,
				B699E6102488076600FF0114 /* Info.plist */,
			);
			path = Marti_ProjeUITests;
			sourceTree = "<group>";
		};
/* End PBXGroup section */

/* Begin PBXNativeTarget section */
		B699E5E82488076400FF0114 /* Marti_Proje */ = {
			isa = PBXNativeTarget;
			buildConfigurationList = B699E6132488076600FF0114 /* Build configuration list for PBXNativeTarget "Marti_Proje" */;
			buildPhases = (
				22D61071748DBA4E9794839A /* [CP] Check Pods Manifest.lock */,
				B699E5E52488076400FF0114 /* Sources */,
				B699E5E62488076400FF0114 /* Frameworks */,
				B699E5E72488076400FF0114 /* Resources */,
				605D844E1556B45F3E6E2943 /* [CP] Embed Pods Frameworks */,
				E6A875B19360EE3367F98D18 /* [CP] Copy Pods Resources */,
			);
			buildRules = (
			);
			dependencies = (
			);
			name = Marti_Proje;
			productName = Marti_Proje;
			productReference = B699E5E92488076400FF0114 /* Marti_Proje.app */;
			productType = "com.apple.product-type.application";
		};
		B699E5FE2488076600FF0114 /* Marti_ProjeTests */ = {
			isa = PBXNativeTarget;
			buildConfigurationList = B699E6162488076600FF0114 /* Build configuration list for PBXNativeTarget "Marti_ProjeTests" */;
			buildPhases = (
				E4BEA210A46F73692AA8A454 /* [CP] Check Pods Manifest.lock */,
				B699E5FB2488076600FF0114 /* Sources */,
				B699E5FC2488076600FF0114 /* Frameworks */,
				B699E5FD2488076600FF0114 /* Resources */,
			);
			buildRules = (
			);
			dependencies = (
				B699E6012488076600FF0114 /* PBXTargetDependency */,
			);
			name = Marti_ProjeTests;
			productName = Marti_ProjeTests;
			productReference = B699E5FF2488076600FF0114 /* Marti_ProjeTests.xctest */;
			productType = "com.apple.product-type.bundle.unit-test";
		};
		B699E6092488076600FF0114 /* Marti_ProjeUITests */ = {
			isa = PBXNativeTarget;
			buildConfigurationList = B699E6192488076600FF0114 /* Build configuration list for PBXNativeTarget "Marti_ProjeUITests" */;
			buildPhases = (
				AF0C8B9FE7984A33455C4768 /* [CP] Check Pods Manifest.lock */,
				B699E6062488076600FF0114 /* Sources */,
				B699E6072488076600FF0114 /* Frameworks */,
				B699E6082488076600FF0114 /* Resources */,
				E4C4FD48557C430F38965253 /* [CP] Embed Pods Frameworks */,
				EC22EE215576D700FBB194F2 /* [CP] Copy Pods Resources */,
			);
			buildRules = (
			);
			dependencies = (
				B699E60C2488076600FF0114 /* PBXTargetDependency */,
			);
			name = Marti_ProjeUITests;
			productName = Marti_ProjeUITests;
			productReference = B699E60A2488076600FF0114 /* Marti_ProjeUITests.xctest */;
			productType = "com.apple.product-type.bundle.ui-testing";
		};
/* End PBXNativeTarget section */

/* Begin PBXProject section */
		B699E5E12488076400FF0114 /* Project object */ = {
			isa = PBXProject;
			attributes = {
				LastSwiftUpdateCheck = 1130;
				LastUpgradeCheck = 1130;
				ORGANIZATIONNAME = "Yasemin salan";
				TargetAttributes = {
					B699E5E82488076400FF0114 = {
						CreatedOnToolsVersion = 11.3;
					};
					B699E5FE2488076600FF0114 = {
						CreatedOnToolsVersion = 11.3;
						TestTargetID = B699E5E82488076400FF0114;
					};
					B699E6092488076600FF0114 = {
						CreatedOnToolsVersion = 11.3;
						TestTargetID = B699E5E82488076400FF0114;
					};
				};
			};
			buildConfigurationList = B699E5E42488076400FF0114 /* Build configuration list for PBXProject "Marti_Proje" */;
			compatibilityVersion = "Xcode 9.3";
			developmentRegion = en;
			hasScannedForEncodings = 0;
			knownRegions = (
				en,
				Base,
			);
			mainGroup = B699E5E02488076400FF0114;
			productRefGroup = B699E5EA2488076400FF0114 /* Products */;
			projectDirPath = "";
			projectRoot = "";
			targets = (
				B699E5E82488076400FF0114 /* Marti_Proje */,
				B699E5FE2488076600FF0114 /* Marti_ProjeTests */,
				B699E6092488076600FF0114 /* Marti_ProjeUITests */,
			);
		};
/* End PBXProject section */

/* Begin PBXResourcesBuildPhase section */
		B699E5E72488076400FF0114 /* Resources */ = {
			isa = PBXResourcesBuildPhase;
			buildActionMask = 2147483647;
			files = (
				B699E5F92488076600FF0114 /* LaunchScreen.storyboard in Resources */,
				B699E5F62488076600FF0114 /* Assets.xcassets in Resources */,
				B699E5F42488076400FF0114 /* Main.storyboard in Resources */,
			);
			runOnlyForDeploymentPostprocessing = 0;
		};
		B699E5FD2488076600FF0114 /* Resources */ = {
			isa = PBXResourcesBuildPhase;
			buildActionMask = 2147483647;
			files = (
			);
			runOnlyForDeploymentPostprocessing = 0;
		};
		B699E6082488076600FF0114 /* Resources */ = {
			isa = PBXResourcesBuildPhase;
			buildActionMask = 2147483647;
			files = (
			);
			runOnlyForDeploymentPostprocessing = 0;
		};
/* End PBXResourcesBuildPhase section */

/* Begin PBXShellScriptBuildPhase section */
		22D61071748DBA4E9794839A /* [CP] Check Pods Manifest.lock */ = {
			isa = PBXShellScriptBuildPhase;
			buildActionMask = 2147483647;
			files = (
			);
			inputFileListPaths = (
			);
			inputPaths = (
				"${PODS_PODFILE_DIR_PATH}/Podfile.lock",
				"${PODS_ROOT}/Manifest.lock",
			);
			name = "[CP] Check Pods Manifest.lock";
			outputFileListPaths = (
			);
			outputPaths = (
				"$(DERIVED_FILE_DIR)/Pods-Marti_Proje-checkManifestLockResult.txt",
			);
			runOnlyForDeploymentPostprocessing = 0;
			shellPath = /bin/sh;
			shellScript = "diff \"${PODS_PODFILE_DIR_PATH}/Podfile.lock\" \"${PODS_ROOT}/Manifest.lock\" > /dev/null\nif [ $? != 0 ] ; then\n    # print error to STDERR\n    echo \"error: The sandbox is not in sync with the Podfile.lock. Run 'pod install' or update your CocoaPods installation.\" >&2\n    exit 1\nfi\n# This output is used by Xcode 'outputs' to avoid re-running this script phase.\necho \"SUCCESS\" > \"${SCRIPT_OUTPUT_FILE_0}\"\n";
			showEnvVarsInLog = 0;
		};
		605D844E1556B45F3E6E2943 /* [CP] Embed Pods Frameworks */ = {
			isa = PBXShellScriptBuildPhase;
			buildActionMask = 2147483647;
			files = (
			);
			inputFileListPaths = (
				"${PODS_ROOT}/Target Support Files/Pods-Marti_Proje/Pods-Marti_Proje-frameworks-${CONFIGURATION}-input-files.xcfilelist",
			);
			name = "[CP] Embed Pods Frameworks";
			outputFileListPaths = (
				"${PODS_ROOT}/Target Support Files/Pods-Marti_Proje/Pods-Marti_Proje-frameworks-${CONFIGURATION}-output-files.xcfilelist",
			);
			runOnlyForDeploymentPostprocessing = 0;
			shellPath = /bin/sh;
			shellScript = "\"${PODS_ROOT}/Target Support Files/Pods-Marti_Proje/Pods-Marti_Proje-frameworks.sh\"\n";
			showEnvVarsInLog = 0;
		};
		AF0C8B9FE7984A33455C4768 /* [CP] Check Pods Manifest.lock */ = {
			isa = PBXShellScriptBuildPhase;
			buildActionMask = 2147483647;
			files = (
			);
			inputFileListPaths = (
			);
			inputPaths = (
				"${PODS_PODFILE_DIR_PATH}/Podfile.lock",
				"${PODS_ROOT}/Manifest.lock",
			);
			name = "[CP] Check Pods Manifest.lock";
			outputFileListPaths = (
			);
			outputPaths = (
				"$(DERIVED_FILE_DIR)/Pods-Marti_Proje-Marti_ProjeUITests-checkManifestLockResult.txt",
			);
			runOnlyForDeploymentPostprocessing = 0;
			shellPath = /bin/sh;
			shellScript = "diff \"${PODS_PODFILE_DIR_PATH}/Podfile.lock\" \"${PODS_ROOT}/Manifest.lock\" > /dev/null\nif [ $? != 0 ] ; then\n    # print error to STDERR\n    echo \"error: The sandbox is not in sync with the Podfile.lock. Run 'pod install' or update your CocoaPods installation.\" >&2\n    exit 1\nfi\n# This output is used by Xcode 'outputs' to avoid re-running this script phase.\necho \"SUCCESS\" > \"${SCRIPT_OUTPUT_FILE_0}\"\n";
			showEnvVarsInLog = 0;
		};
		E4BEA210A46F73692AA8A454 /* [CP] Check Pods Manifest.lock */ = {
			isa = PBXShellScriptBuildPhase;
			buildActionMask = 2147483647;
			files = (
			);
			inputFileListPaths = (
			);
			inputPaths = (
				"${PODS_PODFILE_DIR_PATH}/Podfile.lock",
				"${PODS_ROOT}/Manifest.lock",
			);
			name = "[CP] Check Pods Manifest.lock";
			outputFileListPaths = (
			);
			outputPaths = (
				"$(DERIVED_FILE_DIR)/Pods-Marti_ProjeTests-checkManifestLockResult.txt",
			);
			runOnlyForDeploymentPostprocessing = 0;
			shellPath = /bin/sh;
			shellScript = "diff \"${PODS_PODFILE_DIR_PATH}/Podfile.lock\" \"${PODS_ROOT}/Manifest.lock\" > /dev/null\nif [ $? != 0 ] ; then\n    # print error to STDERR\n    echo \"error: The sandbox is not in sync with the Podfile.lock. Run 'pod install' or update your CocoaPods installation.\" >&2\n    exit 1\nfi\n# This output is used by Xcode 'outputs' to avoid re-running this script phase.\necho \"SUCCESS\" > \"${SCRIPT_OUTPUT_FILE_0}\"\n";
			showEnvVarsInLog = 0;
		};
		E4C4FD48557C430F38965253 /* [CP] Embed Pods Frameworks */ = {
			isa = PBXShellScriptBuildPhase;
			buildActionMask = 2147483647;
			files = (
			);
			inputFileListPaths = (
				"${PODS_ROOT}/Target Support Files/Pods-Marti_Proje-Marti_ProjeUITests/Pods-Marti_Proje-Marti_ProjeUITests-frameworks-${CONFIGURATION}-input-files.xcfilelist",
			);
			name = "[CP] Embed Pods Frameworks";
			outputFileListPaths = (
				"${PODS_ROOT}/Target Support Files/Pods-Marti_Proje-Marti_ProjeUITests/Pods-Marti_Proje-Marti_ProjeUITests-frameworks-${CONFIGURATION}-output-files.xcfilelist",
			);
			runOnlyForDeploymentPostprocessing = 0;
			shellPath = /bin/sh;
			shellScript = "\"${PODS_ROOT}/Target Support Files/Pods-Marti_Proje-Marti_ProjeUITests/Pods-Marti_Proje-Marti_ProjeUITests-frameworks.sh\"\n";
			showEnvVarsInLog = 0;
		};
		E6A875B19360EE3367F98D18 /* [CP] Copy Pods Resources */ = {
			isa = PBXShellScriptBuildPhase;
			buildActionMask = 2147483647;
			files = (
			);
			inputFileListPaths = (
				"${PODS_ROOT}/Target Support Files/Pods-Marti_Proje/Pods-Marti_Proje-resources-${CONFIGURATION}-input-files.xcfilelist",
			);
			name = "[CP] Copy Pods Resources";
			outputFileListPaths = (
				"${PODS_ROOT}/Target Support Files/Pods-Marti_Proje/Pods-Marti_Proje-resources-${CONFIGURATION}-output-files.xcfilelist",
			);
			runOnlyForDeploymentPostprocessing = 0;
			shellPath = /bin/sh;
			shellScript = "\"${PODS_ROOT}/Target Support Files/Pods-Marti_Proje/Pods-Marti_Proje-resources.sh\"\n";
			showEnvVarsInLog = 0;
		};
		EC22EE215576D700FBB194F2 /* [CP] Copy Pods Resources */ = {
			isa = PBXShellScriptBuildPhase;
			buildActionMask = 2147483647;
			files = (
			);
			inputFileListPaths = (
				"${PODS_ROOT}/Target Support Files/Pods-Marti_Proje-Marti_ProjeUITests/Pods-Marti_Proje-Marti_ProjeUITests-resources-${CONFIGURATION}-input-files.xcfilelist",
			);
			name = "[CP] Copy Pods Resources";
			outputFileListPaths = (
				"${PODS_ROOT}/Target Support Files/Pods-Marti_Proje-Marti_ProjeUITests/Pods-Marti_Proje-Marti_ProjeUITests-resources-${CONFIGURATION}-output-files.xcfilelist",
			);
			runOnlyForDeploymentPostprocessing = 0;
			shellPath = /bin/sh;
			shellScript = "\"${PODS_ROOT}/Target Support Files/Pods-Marti_Proje-Marti_ProjeUITests/Pods-Marti_Proje-Marti_ProjeUITests-resources.sh\"\n";
			showEnvVarsInLog = 0;
		};
/* End PBXShellScriptBuildPhase section */

/* Begin PBXSourcesBuildPhase section */
		B699E5E52488076400FF0114 /* Sources */ = {
			isa = PBXSourcesBuildPhase;
			buildActionMask = 2147483647;
			files = (
				B699E5F12488076400FF0114 /* ViewController.swift in Sources */,
				B699E5ED2488076400FF0114 /* AppDelegate.swift in Sources */,
				B668490E248931F8006D5862 /* GoogleMapsViewController.swift in Sources */,
				B699E5EF2488076400FF0114 /* SceneDelegate.swift in Sources */,
				B699E62124883C1400FF0114 /* SearchModel.swift in Sources */,
				B699E61D2488354100FF0114 /* HomaPageTableViewCell.swift in Sources */,
			);
			runOnlyForDeploymentPostprocessing = 0;
		};
		B699E5FB2488076600FF0114 /* Sources */ = {
			isa = PBXSourcesBuildPhase;
			buildActionMask = 2147483647;
			files = (
				B699E6042488076600FF0114 /* Marti_ProjeTests.swift in Sources */,
			);
			runOnlyForDeploymentPostprocessing = 0;
		};
		B699E6062488076600FF0114 /* Sources */ = {
			isa = PBXSourcesBuildPhase;
			buildActionMask = 2147483647;
			files = (
				B699E60F2488076600FF0114 /* Marti_ProjeUITests.swift in Sources */,
			);
			runOnlyForDeploymentPostprocessing = 0;
		};
/* End PBXSourcesBuildPhase section */

/* Begin PBXTargetDependency section */
		B699E6012488076600FF0114 /* PBXTargetDependency */ = {
			isa = PBXTargetDependency;
			target = B699E5E82488076400FF0114 /* Marti_Proje */;
			targetProxy = B699E6002488076600FF0114 /* PBXContainerItemProxy */;
		};
		B699E60C2488076600FF0114 /* PBXTargetDependency */ = {
			isa = PBXTargetDependency;
			target = B699E5E82488076400FF0114 /* Marti_Proje */;
			targetProxy = B699E60B2488076600FF0114 /* PBXContainerItemProxy */;
		};
/* End PBXTargetDependency section */

/* Begin PBXVariantGroup section */
		B699E5F22488076400FF0114 /* Main.storyboard */ = {
			isa = PBXVariantGroup;
			children = (
				B699E5F32488076400FF0114 /* Base */,
			);
			name = Main.storyboard;
			sourceTree = "<group>";
		};
		B699E5F72488076600FF0114 /* LaunchScreen.storyboard */ = {
			isa = PBXVariantGroup;
			children = (
				B699E5F82488076600FF0114 /* Base */,
			);
			name = LaunchScreen.storyboard;
			sourceTree = "<group>";
		};
/* End PBXVariantGroup section */

/* Begin XCBuildConfiguration section */
		B699E6112488076600FF0114 /* Debug */ = {
			isa = XCBuildConfiguration;
			buildSettings = {
				ALWAYS_SEARCH_USER_PATHS = NO;
				CLANG_ANALYZER_NONNULL = YES;
				CLANG_ANALYZER_NUMBER_OBJECT_CONVERSION = YES_AGGRESSIVE;
				CLANG_CXX_LANGUAGE_STANDARD = "gnu++14";
				CLANG_CXX_LIBRARY = "libc++";
				CLANG_ENABLE_MODULES = YES;
				CLANG_ENABLE_OBJC_ARC = YES;
				CLANG_ENABLE_OBJC_WEAK = YES;
				CLANG_WARN_BLOCK_CAPTURE_AUTORELEASING = YES;
				CLANG_WARN_BOOL_CONVERSION = YES;
				CLANG_WARN_COMMA = YES;
				CLANG_WARN_CONSTANT_CONVERSION = YES;
				CLANG_WARN_DEPRECATED_OBJC_IMPLEMENTATIONS = YES;
				CLANG_WARN_DIRECT_OBJC_ISA_USAGE = YES_ERROR;
				CLANG_WARN_DOCUMENTATION_COMMENTS = YES;
				CLANG_WARN_EMPTY_BODY = YES;
				CLANG_WARN_ENUM_CONVERSION = YES;
				CLANG_WARN_INFINITE_RECURSION = YES;
				CLANG_WARN_INT_CONVERSION = YES;
				CLANG_WARN_NON_LITERAL_NULL_CONVERSION = YES;
				CLANG_WARN_OBJC_IMPLICIT_RETAIN_SELF = YES;
				CLANG_WARN_OBJC_LITERAL_CONVERSION = YES;
				CLANG_WARN_OBJC_ROOT_CLASS = YES_ERROR;
				CLANG_WARN_RANGE_LOOP_ANALYSIS = YES;
				CLANG_WARN_STRICT_PROTOTYPES = YES;
				CLANG_WARN_SUSPICIOUS_MOVE = YES;
				CLANG_WARN_UNGUARDED_AVAILABILITY = YES_AGGRESSIVE;
				CLANG_WARN_UNREACHABLE_CODE = YES;
				CLANG_WARN__DUPLICATE_METHOD_MATCH = YES;
				COPY_PHASE_STRIP = NO;
				DEBUG_INFORMATION_FORMAT = dwarf;
				ENABLE_STRICT_OBJC_MSGSEND = YES;
				ENABLE_TESTABILITY = YES;
				GCC_C_LANGUAGE_STANDARD = gnu11;
				GCC_DYNAMIC_NO_PIC = NO;
				GCC_NO_COMMON_BLOCKS = YES;
				GCC_OPTIMIZATION_LEVEL = 0;
				GCC_PREPROCESSOR_DEFINITIONS = (
					"DEBUG=1",
					"$(inherited)",
				);
				GCC_WARN_64_TO_32_BIT_CONVERSION = YES;
				GCC_WARN_ABOUT_RETURN_TYPE = YES_ERROR;
				GCC_WARN_UNDECLARED_SELECTOR = YES;
				GCC_WARN_UNINITIALIZED_AUTOS = YES_AGGRESSIVE;
				GCC_WARN_UNUSED_FUNCTION = YES;
				GCC_WARN_UNUSED_VARIABLE = YES;
				IPHONEOS_DEPLOYMENT_TARGET = 13.2;
				MTL_ENABLE_DEBUG_INFO = INCLUDE_SOURCE;
				MTL_FAST_MATH = YES;
				ONLY_ACTIVE_ARCH = YES;
				SDKROOT = iphoneos;
				SWIFT_ACTIVE_COMPILATION_CONDITIONS = DEBUG;
				SWIFT_OPTIMIZATION_LEVEL = "-Onone";
			};
			name = Debug;
		};
		B699E6122488076600FF0114 /* Release */ = {
			isa = XCBuildConfiguration;
			buildSettings = {
				ALWAYS_SEARCH_USER_PATHS = NO;
				CLANG_ANALYZER_NONNULL = YES;
				CLANG_ANALYZER_NUMBER_OBJECT_CONVERSION = YES_AGGRESSIVE;
				CLANG_CXX_LANGUAGE_STANDARD = "gnu++14";
				CLANG_CXX_LIBRARY = "libc++";
				CLANG_ENABLE_MODULES = YES;
				CLANG_ENABLE_OBJC_ARC = YES;
				CLANG_ENABLE_OBJC_WEAK = YES;
				CLANG_WARN_BLOCK_CAPTURE_AUTORELEASING = YES;
				CLANG_WARN_BOOL_CONVERSION = YES;
				CLANG_WARN_COMMA = YES;
				CLANG_WARN_CONSTANT_CONVERSION = YES;
				CLANG_WARN_DEPRECATED_OBJC_IMPLEMENTATIONS = YES;
				CLANG_WARN_DIRECT_OBJC_ISA_USAGE = YES_ERROR;
				CLANG_WARN_DOCUMENTATION_COMMENTS = YES;
				CLANG_WARN_EMPTY_BODY = YES;
				CLANG_WARN_ENUM_CONVERSION = YES;
				CLANG_WARN_INFINITE_RECURSION = YES;
				CLANG_WARN_INT_CONVERSION = YES;
				CLANG_WARN_NON_LITERAL_NULL_CONVERSION = YES;
				CLANG_WARN_OBJC_IMPLICIT_RETAIN_SELF = YES;
				CLANG_WARN_OBJC_LITERAL_CONVERSION = YES;
				CLANG_WARN_OBJC_ROOT_CLASS = YES_ERROR;
				CLANG_WARN_RANGE_LOOP_ANALYSIS = YES;
				CLANG_WARN_STRICT_PROTOTYPES = YES;
				CLANG_WARN_SUSPICIOUS_MOVE = YES;
				CLANG_WARN_UNGUARDED_AVAILABILITY = YES_AGGRESSIVE;
				CLANG_WARN_UNREACHABLE_CODE = YES;
				CLANG_WARN__DUPLICATE_METHOD_MATCH = YES;
				COPY_PHASE_STRIP = NO;
				DEBUG_INFORMATION_FORMAT = "dwarf-with-dsym";
				ENABLE_NS_ASSERTIONS = NO;
				ENABLE_STRICT_OBJC_MSGSEND = YES;
				GCC_C_LANGUAGE_STANDARD = gnu11;
				GCC_NO_COMMON_BLOCKS = YES;
				GCC_WARN_64_TO_32_BIT_CONVERSION = YES;
				GCC_WARN_ABOUT_RETURN_TYPE = YES_ERROR;
				GCC_WARN_UNDECLARED_SELECTOR = YES;
				GCC_WARN_UNINITIALIZED_AUTOS = YES_AGGRESSIVE;
				GCC_WARN_UNUSED_FUNCTION = YES;
				GCC_WARN_UNUSED_VARIABLE = YES;
				IPHONEOS_DEPLOYMENT_TARGET = 13.2;
				MTL_ENABLE_DEBUG_INFO = NO;
				MTL_FAST_MATH = YES;
				SDKROOT = iphoneos;
				SWIFT_COMPILATION_MODE = wholemodule;
				SWIFT_OPTIMIZATION_LEVEL = "-O";
				VALIDATE_PRODUCT = YES;
			};
			name = Release;
		};
		B699E6142488076600FF0114 /* Debug */ = {
			isa = XCBuildConfiguration;
			baseConfigurationReference = 3461C9E4EF100857E8ABD30B /* Pods-Marti_Proje.debug.xcconfig */;
			buildSettings = {
				ASSETCATALOG_COMPILER_APPICON_NAME = AppIcon;
				CODE_SIGN_STYLE = Automatic;
				DEVELOPMENT_TEAM = H84WUS4V8F;
				INFOPLIST_FILE = Marti_Proje/Info.plist;
				LD_RUNPATH_SEARCH_PATHS = (
					"$(inherited)",
					"@executable_path/Frameworks",
				);
				PRODUCT_BUNDLE_IDENTIFIER = "com.yaseminsalan.Marti-Proje";
				PRODUCT_NAME = "$(TARGET_NAME)";
				SWIFT_VERSION = 5.0;
				TARGETED_DEVICE_FAMILY = "1,2";
			};
			name = Debug;
		};
		B699E6152488076600FF0114 /* Release */ = {
			isa = XCBuildConfiguration;
			baseConfigurationReference = B6B09B4B4934271DC8FAAB96 /* Pods-Marti_Proje.release.xcconfig */;
			buildSettings = {
				ASSETCATALOG_COMPILER_APPICON_NAME = AppIcon;
				CODE_SIGN_STYLE = Automatic;
				DEVELOPMENT_TEAM = H84WUS4V8F;
				INFOPLIST_FILE = Marti_Proje/Info.plist;
				LD_RUNPATH_SEARCH_PATHS = (
					"$(inherited)",
					"@executable_path/Frameworks",
				);
				PRODUCT_BUNDLE_IDENTIFIER = "com.yaseminsalan.Marti-Proje";
				PRODUCT_NAME = "$(TARGET_NAME)";
				SWIFT_VERSION = 5.0;
				TARGETED_DEVICE_FAMILY = "1,2";
			};
			name = Release;
		};
		B699E6172488076600FF0114 /* Debug */ = {
			isa = XCBuildConfiguration;
			baseConfigurationReference = 18A2B7BF2415D13285EF8242 /* Pods-Marti_ProjeTests.debug.xcconfig */;
			buildSettings = {
				ALWAYS_EMBED_SWIFT_STANDARD_LIBRARIES = YES;
				BUNDLE_LOADER = "$(TEST_HOST)";
				CODE_SIGN_STYLE = Automatic;
				DEVELOPMENT_TEAM = H84WUS4V8F;
				INFOPLIST_FILE = Marti_ProjeTests/Info.plist;
				IPHONEOS_DEPLOYMENT_TARGET = 13.2;
				LD_RUNPATH_SEARCH_PATHS = (
					"$(inherited)",
					"@executable_path/Frameworks",
					"@loader_path/Frameworks",
				);
				PRODUCT_BUNDLE_IDENTIFIER = "com.yaseminsalan.Marti-ProjeTests";
				PRODUCT_NAME = "$(TARGET_NAME)";
				SWIFT_VERSION = 5.0;
				TARGETED_DEVICE_FAMILY = "1,2";
				TEST_HOST = "$(BUILT_PRODUCTS_DIR)/Marti_Proje.app/Marti_Proje";
			};
			name = Debug;
		};
		B699E6182488076600FF0114 /* Release */ = {
			isa = XCBuildConfiguration;
			baseConfigurationReference = 83FE090A21B93AD935074376 /* Pods-Marti_ProjeTests.release.xcconfig */;
			buildSettings = {
				ALWAYS_EMBED_SWIFT_STANDARD_LIBRARIES = YES;
				BUNDLE_LOADER = "$(TEST_HOST)";
				CODE_SIGN_STYLE = Automatic;
				DEVELOPMENT_TEAM = H84WUS4V8F;
				INFOPLIST_FILE = Marti_ProjeTests/Info.plist;
				IPHONEOS_DEPLOYMENT_TARGET = 13.2;
				LD_RUNPATH_SEARCH_PATHS = (
					"$(inherited)",
					"@executable_path/Frameworks",
					"@loader_path/Frameworks",
				);
				PRODUCT_BUNDLE_IDENTIFIER = "com.yaseminsalan.Marti-ProjeTests";
				PRODUCT_NAME = "$(TARGET_NAME)";
				SWIFT_VERSION = 5.0;
				TARGETED_DEVICE_FAMILY = "1,2";
				TEST_HOST = "$(BUILT_PRODUCTS_DIR)/Marti_Proje.app/Marti_Proje";
			};
			name = Release;
		};
		B699E61A2488076600FF0114 /* Debug */ = {
			isa = XCBuildConfiguration;
			baseConfigurationReference = 11442F6687B4B1EC872F3750 /* Pods-Marti_Proje-Marti_ProjeUITests.debug.xcconfig */;
			buildSettings = {
				ALWAYS_EMBED_SWIFT_STANDARD_LIBRARIES = YES;
				CODE_SIGN_STYLE = Automatic;
				DEVELOPMENT_TEAM = H84WUS4V8F;
				INFOPLIST_FILE = Marti_ProjeUITests/Info.plist;
				LD_RUNPATH_SEARCH_PATHS = (
					"$(inherited)",
					"@executable_path/Frameworks",
					"@loader_path/Frameworks",
				);
				PRODUCT_BUNDLE_IDENTIFIER = "com.yaseminsalan.Marti-ProjeUITests";
				PRODUCT_NAME = "$(TARGET_NAME)";
				SWIFT_VERSION = 5.0;
				TARGETED_DEVICE_FAMILY = "1,2";
				TEST_TARGET_NAME = Marti_Proje;
			};
			name = Debug;
		};
		B699E61B2488076600FF0114 /* Release */ = {
			isa = XCBuildConfiguration;
			baseConfigurationReference = 7D11C584ED2A0D05D3B92588 /* Pods-Marti_Proje-Marti_ProjeUITests.release.xcconfig */;
			buildSettings = {
				ALWAYS_EMBED_SWIFT_STANDARD_LIBRARIES = YES;
				CODE_SIGN_STYLE = Automatic;
				DEVELOPMENT_TEAM = H84WUS4V8F;
				INFOPLIST_FILE = Marti_ProjeUITests/Info.plist;
				LD_RUNPATH_SEARCH_PATHS = (
					"$(inherited)",
					"@executable_path/Frameworks",
					"@loader_path/Frameworks",
				);
				PRODUCT_BUNDLE_IDENTIFIER = "com.yaseminsalan.Marti-ProjeUITests";
				PRODUCT_NAME = "$(TARGET_NAME)";
				SWIFT_VERSION = 5.0;
				TARGETED_DEVICE_FAMILY = "1,2";
				TEST_TARGET_NAME = Marti_Proje;
			};
			name = Release;
		};
/* End XCBuildConfiguration section */

/* Begin XCConfigurationList section */
		B699E5E42488076400FF0114 /* Build configuration list for PBXProject "Marti_Proje" */ = {
			isa = XCConfigurationList;
			buildConfigurations = (
				B699E6112488076600FF0114 /* Debug */,
				B699E6122488076600FF0114 /* Release */,
			);
			defaultConfigurationIsVisible = 0;
			defaultConfigurationName = Release;
		};
		B699E6132488076600FF0114 /* Build configuration list for PBXNativeTarget "Marti_Proje" */ = {
			isa = XCConfigurationList;
			buildConfigurations = (
				B699E6142488076600FF0114 /* Debug */,
				B699E6152488076600FF0114 /* Release */,
			);
			defaultConfigurationIsVisible = 0;
			defaultConfigurationName = Release;
		};
		B699E6162488076600FF0114 /* Build configuration list for PBXNativeTarget "Marti_ProjeTests" */ = {
			isa = XCConfigurationList;
			buildConfigurations = (
				B699E6172488076600FF0114 /* Debug */,
				B699E6182488076600FF0114 /* Release */,
			);
			defaultConfigurationIsVisible = 0;
			defaultConfigurationName = Release;
		};
		B699E6192488076600FF0114 /* Build configuration list for PBXNativeTarget "Marti_ProjeUITests" */ = {
			isa = XCConfigurationList;
			buildConfigurations = (
				B699E61A2488076600FF0114 /* Debug */,
				B699E61B2488076600FF0114 /* Release */,
			);
			defaultConfigurationIsVisible = 0;
			defaultConfigurationName = Release;
		};
/* End XCConfigurationList section */
	};
	rootObject = B699E5E12488076400FF0114 /* Project object */;
}
